
Microsoft Visual Studio Solution File, Format Version 12.00
# Visual Studio Version 16
VisualStudioVersion = 16.0.30717.126
MinimumVisualStudioVersion = 10.0.40219.1
Project("{FAE04EC0-301F-11D3-BF4B-00C04F79EFBC}") = "FirstForm", "FirstForm\FirstForm.csproj", "{EB2D5B08-D643-4B2E-BF0C-BD68F8E1188B}"
EndProject
Global
	GlobalSection(SolutionConfigurationPlatforms) = preSolution
		Debug|Any CPU = Debug|Any CPU
		Release|Any CPU = Release|Any CPU
	EndGlobalSection
	GlobalSection(ProjectConfigurationPlatforms) = postSolution
		{EB2D5B08-D643-4B2E-BF0C-BD68F8E1188B}.Debug|Any CPU.ActiveCfg = Debug|Any CPU
		{EB2D5B08-D643-4B2E-BF0C-BD68F8E1188B}.Debug|Any CPU.Build.0 = Debug|Any CPU
		{EB2D5B08-D643-4B2E-BF0C-BD68F8E1188B}.Release|Any CPU.ActiveCfg = Release|Any CPU
		{EB2D5B08-D643-4B2E-BF0C-BD68F8E1188B}.Release|Any CPU.Build.0 = Release|Any CPU
	EndGlobalSection
	GlobalSection(SolutionProperties) = preSolution
		HideSolutionNode = FALSE
	EndGlobalSection
	GlobalSection(ExtensibilityGlobals) = postSolution
		SolutionGuid = {20528F65-5734-403C-94DE-0E6CFEBFCE0F}
	EndGlobalSection
EndGlobal
